
Microsoft Visual Studio Solution File, Format Version 12.00
# Visual Studio Version 17
VisualStudioVersion = 17.5.33530.505
MinimumVisualStudioVersion = 10.0.40219.1
Project("{9A19103F-16F7-4668-BE54-9A1E7A4F7556}") = "DeleteFilesInFolder", "DeleteFilesInFolder.csproj", "{17769ABB-0FB4-453F-9C9A-A7D5C14A0A78}"
EndProject
Global
	GlobalSection(SolutionConfigurationPlatforms) = preSolution
		Debug|Any CPU = Debug|Any CPU
		Release|Any CPU = Release|Any CPU
	EndGlobalSection
	GlobalSection(ProjectConfigurationPlatforms) = postSolution
		{17769ABB-0FB4-453F-9C9A-A7D5C14A0A78}.Debug|Any CPU.ActiveCfg = Debug|Any CPU
		{17769ABB-0FB4-453F-9C9A-A7D5C14A0A78}.Debug|Any CPU.Build.0 = Debug|Any CPU
		{17769ABB-0FB4-453F-9C9A-A7D5C14A0A78}.Release|Any CPU.ActiveCfg = Release|Any CPU
		{17769ABB-0FB4-453F-9C9A-A7D5C14A0A78}.Release|Any CPU.Build.0 = Release|Any CPU
	EndGlobalSection
	GlobalSection(SolutionProperties) = preSolution
		HideSolutionNode = FALSE
	EndGlobalSection
	GlobalSection(ExtensibilityGlobals) = postSolution
		SolutionGuid = {2DD2D4A4-CA2D-4F89-94A8-637195CBF454}
	EndGlobalSection
EndGlobal
